
Microsoft Visual Studio Solution File, Format Version 12.00
# Visual Studio Version 17
VisualStudioVersion = 17.0.31903.59
MinimumVisualStudioVersion = 10.0.40219.1
Project("{FAE04EC0-301F-11D3-BF4B-00C04F79EFBC}") = "Alura C#", "Alura C#\Alura C#.csproj", "{11B92B01-60C7-4965-9FF1-A36B4E576E0C}"
EndProject
Project("{FAE04EC0-301F-11D3-BF4B-00C04F79EFBC}") = "Projeto2", "..\Projeto2\Projeto2\Projeto2.csproj", "{980144F0-59CD-41F0-BDA6-A429868DB0B3}"
EndProject
Project("{FAE04EC0-301F-11D3-BF4B-00C04F79EFBC}") = "Projeto2", "..\Projeto2\Projeto2.csproj", "{5CF68A22-A7B1-49AD-A709-D279A70CCF45}"
EndProject
Global
	GlobalSection(SolutionConfigurationPlatforms) = preSolution
		Debug|Any CPU = Debug|Any CPU
		Release|Any CPU = Release|Any CPU
	EndGlobalSection
	GlobalSection(SolutionProperties) = preSolution
		HideSolutionNode = FALSE
	EndGlobalSection
	GlobalSection(ProjectConfigurationPlatforms) = postSolution
		{11B92B01-60C7-4965-9FF1-A36B4E576E0C}.Debug|Any CPU.ActiveCfg = Debug|Any CPU
		{11B92B01-60C7-4965-9FF1-A36B4E576E0C}.Debug|Any CPU.Build.0 = Debug|Any CPU
		{11B92B01-60C7-4965-9FF1-A36B4E576E0C}.Release|Any CPU.ActiveCfg = Release|Any CPU
		{11B92B01-60C7-4965-9FF1-A36B4E576E0C}.Release|Any CPU.Build.0 = Release|Any CPU
		{980144F0-59CD-41F0-BDA6-A429868DB0B3}.Debug|Any CPU.ActiveCfg = Debug|Any CPU
		{980144F0-59CD-41F0-BDA6-A429868DB0B3}.Debug|Any CPU.Build.0 = Debug|Any CPU
		{980144F0-59CD-41F0-BDA6-A429868DB0B3}.Release|Any CPU.ActiveCfg = Release|Any CPU
		{980144F0-59CD-41F0-BDA6-A429868DB0B3}.Release|Any CPU.Build.0 = Release|Any CPU
		{5CF68A22-A7B1-49AD-A709-D279A70CCF45}.Debug|Any CPU.ActiveCfg = Debug|Any CPU
		{5CF68A22-A7B1-49AD-A709-D279A70CCF45}.Debug|Any CPU.Build.0 = Debug|Any CPU
		{5CF68A22-A7B1-49AD-A709-D279A70CCF45}.Release|Any CPU.ActiveCfg = Release|Any CPU
		{5CF68A22-A7B1-49AD-A709-D279A70CCF45}.Release|Any CPU.Build.0 = Release|Any CPU
	EndGlobalSection
EndGlobal
